
Microsoft Visual Studio Solution File, Format Version 12.00
# Visual Studio Version 16
VisualStudioVersion = 16.0.29311.281
MinimumVisualStudioVersion = 10.0.40219.1
Project("{9A19103F-16F7-4668-BE54-9A1E7A4F7556}") = "SerialSensor", "src\SerialSensor\SerialSensor.csproj", "{23C843AA-3A7C-4857-A455-362451B9114B}"
EndProject
Project("{2150E333-8FDC-42A3-9474-1A3956D46DE8}") = "1-src", "1-src", "{F11022E7-049A-4B37-8ABF-E7D20DE2AA44}"
EndProject
Project("{2150E333-8FDC-42A3-9474-1A3956D46DE8}") = "2-test", "2-test", "{FAC23659-1E19-438C-9F86-E9E0E288A73B}"
EndProject
Project("{FAE04EC0-301F-11D3-BF4B-00C04F79EFBC}") = "SerialSensorTests", "test\SerialSensorTests\SerialSensorTests.csproj", "{8B344818-CFE7-4A5C-B0A7-387FBD9C9431}"
EndProject
Global
	GlobalSection(SolutionConfigurationPlatforms) = preSolution
		Debug|Any CPU = Debug|Any CPU
		Release|Any CPU = Release|Any CPU
	EndGlobalSection
	GlobalSection(ProjectConfigurationPlatforms) = postSolution
		{23C843AA-3A7C-4857-A455-362451B9114B}.Debug|Any CPU.ActiveCfg = Debug|Any CPU
		{23C843AA-3A7C-4857-A455-362451B9114B}.Debug|Any CPU.Build.0 = Debug|Any CPU
		{23C843AA-3A7C-4857-A455-362451B9114B}.Release|Any CPU.ActiveCfg = Release|Any CPU
		{23C843AA-3A7C-4857-A455-362451B9114B}.Release|Any CPU.Build.0 = Release|Any CPU
		{8B344818-CFE7-4A5C-B0A7-387FBD9C9431}.Debug|Any CPU.ActiveCfg = Debug|Any CPU
		{8B344818-CFE7-4A5C-B0A7-387FBD9C9431}.Debug|Any CPU.Build.0 = Debug|Any CPU
		{8B344818-CFE7-4A5C-B0A7-387FBD9C9431}.Release|Any CPU.ActiveCfg = Release|Any CPU
		{8B344818-CFE7-4A5C-B0A7-387FBD9C9431}.Release|Any CPU.Build.0 = Release|Any CPU
	EndGlobalSection
	GlobalSection(SolutionProperties) = preSolution
		HideSolutionNode = FALSE
	EndGlobalSection
	GlobalSection(NestedProjects) = preSolution
		{23C843AA-3A7C-4857-A455-362451B9114B} = {F11022E7-049A-4B37-8ABF-E7D20DE2AA44}
		{8B344818-CFE7-4A5C-B0A7-387FBD9C9431} = {FAC23659-1E19-438C-9F86-E9E0E288A73B}
	EndGlobalSection
	GlobalSection(ExtensibilityGlobals) = postSolution
		SolutionGuid = {9DBD39EA-E10D-4070-AE80-C062CDF8F56F}
	EndGlobalSection
EndGlobal
