
Microsoft Visual Studio Solution File, Format Version 12.00
# Visual Studio Version 16
VisualStudioVersion = 16.0.29424.173
MinimumVisualStudioVersion = 10.0.40219.1
Project("{9A19103F-16F7-4668-BE54-9A1E7A4F7556}") = "xUnitPractica2", "src\xUnitPractica2\xUnitPractica2.csproj", "{779D0FE6-DD90-47A2-A2A1-5B750D1E5F64}"
EndProject
Project("{2150E333-8FDC-42A3-9474-1A3956D46DE8}") = "1-src", "1-src", "{D27D3A79-3A2D-422B-A82A-06007C82F404}"
EndProject
Project("{2150E333-8FDC-42A3-9474-1A3956D46DE8}") = "2-test", "2-test", "{9AE846ED-5927-46F4-AE81-33CEBCB5ED03}"
EndProject
Project("{9A19103F-16F7-4668-BE54-9A1E7A4F7556}") = "xUnitPractica2Tests", "test\xUnitPractica2Tests\xUnitPractica2Tests.csproj", "{7AB73089-D9FD-49CD-971F-20EEC55B47A6}"
EndProject
Global
	GlobalSection(SolutionConfigurationPlatforms) = preSolution
		Debug|Any CPU = Debug|Any CPU
		Release|Any CPU = Release|Any CPU
	EndGlobalSection
	GlobalSection(ProjectConfigurationPlatforms) = postSolution
		{779D0FE6-DD90-47A2-A2A1-5B750D1E5F64}.Debug|Any CPU.ActiveCfg = Debug|Any CPU
		{779D0FE6-DD90-47A2-A2A1-5B750D1E5F64}.Debug|Any CPU.Build.0 = Debug|Any CPU
		{779D0FE6-DD90-47A2-A2A1-5B750D1E5F64}.Release|Any CPU.ActiveCfg = Release|Any CPU
		{779D0FE6-DD90-47A2-A2A1-5B750D1E5F64}.Release|Any CPU.Build.0 = Release|Any CPU
		{7AB73089-D9FD-49CD-971F-20EEC55B47A6}.Debug|Any CPU.ActiveCfg = Debug|Any CPU
		{7AB73089-D9FD-49CD-971F-20EEC55B47A6}.Debug|Any CPU.Build.0 = Debug|Any CPU
		{7AB73089-D9FD-49CD-971F-20EEC55B47A6}.Release|Any CPU.ActiveCfg = Release|Any CPU
		{7AB73089-D9FD-49CD-971F-20EEC55B47A6}.Release|Any CPU.Build.0 = Release|Any CPU
	EndGlobalSection
	GlobalSection(SolutionProperties) = preSolution
		HideSolutionNode = FALSE
	EndGlobalSection
	GlobalSection(NestedProjects) = preSolution
		{779D0FE6-DD90-47A2-A2A1-5B750D1E5F64} = {D27D3A79-3A2D-422B-A82A-06007C82F404}
		{7AB73089-D9FD-49CD-971F-20EEC55B47A6} = {9AE846ED-5927-46F4-AE81-33CEBCB5ED03}
	EndGlobalSection
	GlobalSection(ExtensibilityGlobals) = postSolution
		SolutionGuid = {2BEBCD07-5858-4ED1-8CA6-4FE737DF49E8}
	EndGlobalSection
EndGlobal
